{
  "name": "ftth-checker",
  "version": "1.0.0",
  "lockfileVersion": 2,
  "requires": true,
  "packages": {
    "": {
      "name": "ftth-checker",
      "version": "1.0.0",
      "license": "ISC",
      "dependencies": {
        "geo-coordinates-parser": "^1.4.4"
      }
    },
    "node_modules/geo-coordinates-parser": {
      "version": "1.4.4",
      "resolved": "https://registry.npmjs.org/geo-coordinates-parser/-/geo-coordinates-parser-1.4.4.tgz",
      "integrity": "sha512-0zTPieFwiFViSDKIjAj5TChcFZbtnsyc64QY0J+CARpTDG4qrhfbAj9gQ24fsFpwz6yY41TzasO0lwe8xjrXBQ=="
    }
  },
  "dependencies": {
    "geo-coordinates-parser": {
      "version": "1.4.4",
      "resolved": "https://registry.npmjs.org/geo-coordinates-parser/-/geo-coordinates-parser-1.4.4.tgz",
      "integrity": "sha512-0zTPieFwiFViSDKIjAj5TChcFZbtnsyc64QY0J+CARpTDG4qrhfbAj9gQ24fsFpwz6yY41TzasO0lwe8xjrXBQ=="
    }
  }
}
